
Microsoft Visual Studio Solution File, Format Version 12.00
# Visual Studio Version 17
VisualStudioVersion = 17.7.34221.43
MinimumVisualStudioVersion = 10.0.40219.1
Project("{FAE04EC0-301F-11D3-BF4B-00C04F79EFBC}") = "Praktika_5DataSetVer", "Praktika_5DataSetVer.csproj", "{D344719E-AF47-4A4D-B0F7-73DD30549B1C}"
EndProject
Global
	GlobalSection(SolutionConfigurationPlatforms) = preSolution
		Debug|Any CPU = Debug|Any CPU
		Release|Any CPU = Release|Any CPU
	EndGlobalSection
	GlobalSection(ProjectConfigurationPlatforms) = postSolution
		{D344719E-AF47-4A4D-B0F7-73DD30549B1C}.Debug|Any CPU.ActiveCfg = Debug|Any CPU
		{D344719E-AF47-4A4D-B0F7-73DD30549B1C}.Debug|Any CPU.Build.0 = Debug|Any CPU
		{D344719E-AF47-4A4D-B0F7-73DD30549B1C}.Release|Any CPU.ActiveCfg = Release|Any CPU
		{D344719E-AF47-4A4D-B0F7-73DD30549B1C}.Release|Any CPU.Build.0 = Release|Any CPU
	EndGlobalSection
	GlobalSection(SolutionProperties) = preSolution
		HideSolutionNode = FALSE
	EndGlobalSection
	GlobalSection(ExtensibilityGlobals) = postSolution
		SolutionGuid = {6718828D-F5F5-4F77-A4E7-1CB635C50D16}
	EndGlobalSection
EndGlobal
